
Microsoft Visual Studio Solution File, Format Version 12.00
# Visual Studio Version 16
VisualStudioVersion = 16.0.29025.244
MinimumVisualStudioVersion = 10.0.40219.1
Project("{FAE04EC0-301F-11D3-BF4B-00C04F79EFBC}") = "CustomList", "CustomList\CustomList.csproj", "{EEA7E835-DBD0-4C05-B664-0EB1966ABBBE}"
EndProject
Project("{FAE04EC0-301F-11D3-BF4B-00C04F79EFBC}") = "CustomList_UnitTesting", "CustomList_UnitTesting\CustomList_UnitTesting.csproj", "{81830502-A4DB-4A05-B97D-438B516B3896}"
EndProject
Global
	GlobalSection(SolutionConfigurationPlatforms) = preSolution
		Debug|Any CPU = Debug|Any CPU
		Release|Any CPU = Release|Any CPU
	EndGlobalSection
	GlobalSection(ProjectConfigurationPlatforms) = postSolution
		{EEA7E835-DBD0-4C05-B664-0EB1966ABBBE}.Debug|Any CPU.ActiveCfg = Debug|Any CPU
		{EEA7E835-DBD0-4C05-B664-0EB1966ABBBE}.Debug|Any CPU.Build.0 = Debug|Any CPU
		{EEA7E835-DBD0-4C05-B664-0EB1966ABBBE}.Release|Any CPU.ActiveCfg = Release|Any CPU
		{EEA7E835-DBD0-4C05-B664-0EB1966ABBBE}.Release|Any CPU.Build.0 = Release|Any CPU
		{81830502-A4DB-4A05-B97D-438B516B3896}.Debug|Any CPU.ActiveCfg = Debug|Any CPU
		{81830502-A4DB-4A05-B97D-438B516B3896}.Debug|Any CPU.Build.0 = Debug|Any CPU
		{81830502-A4DB-4A05-B97D-438B516B3896}.Release|Any CPU.ActiveCfg = Release|Any CPU
		{81830502-A4DB-4A05-B97D-438B516B3896}.Release|Any CPU.Build.0 = Release|Any CPU
	EndGlobalSection
	GlobalSection(SolutionProperties) = preSolution
		HideSolutionNode = FALSE
	EndGlobalSection
	GlobalSection(ExtensibilityGlobals) = postSolution
		SolutionGuid = {0BBD2E17-9C12-45A9-A05B-A7F5C05E375C}
	EndGlobalSection
EndGlobal
